
Microsoft Visual Studio Solution File, Format Version 12.00
# Visual Studio Version 16
VisualStudioVersion = 16.0.31729.503
MinimumVisualStudioVersion = 10.0.40219.1
Project("{FAE04EC0-301F-11D3-BF4B-00C04F79EFBC}") = "ExifViewerCSharp", "ExifViewerCSharp.csproj", "{1F8CE130-39A0-4E96-AE4F-5D3FC5B2E722}"
EndProject
Project("{54435603-DBB4-11D2-8724-00A0C9A8B90C}") = "ExifViewerInstaller", "..\ExifViewerInstaller\ExifViewerInstaller.vdproj", "{E6A3F5E3-769E-4A6B-838F-86C46D1DCC91}"
EndProject
Global
	GlobalSection(SolutionConfigurationPlatforms) = preSolution
		Debug|Any CPU = Debug|Any CPU
		Release|Any CPU = Release|Any CPU
	EndGlobalSection
	GlobalSection(ProjectConfigurationPlatforms) = postSolution
		{1F8CE130-39A0-4E96-AE4F-5D3FC5B2E722}.Debug|Any CPU.ActiveCfg = Debug|Any CPU
		{1F8CE130-39A0-4E96-AE4F-5D3FC5B2E722}.Debug|Any CPU.Build.0 = Debug|Any CPU
		{1F8CE130-39A0-4E96-AE4F-5D3FC5B2E722}.Release|Any CPU.ActiveCfg = Release|Any CPU
		{1F8CE130-39A0-4E96-AE4F-5D3FC5B2E722}.Release|Any CPU.Build.0 = Release|Any CPU
		{E6A3F5E3-769E-4A6B-838F-86C46D1DCC91}.Debug|Any CPU.ActiveCfg = Debug
		{E6A3F5E3-769E-4A6B-838F-86C46D1DCC91}.Release|Any CPU.ActiveCfg = Release
		{E6A3F5E3-769E-4A6B-838F-86C46D1DCC91}.Release|Any CPU.Build.0 = Release
	EndGlobalSection
	GlobalSection(SolutionProperties) = preSolution
		HideSolutionNode = FALSE
	EndGlobalSection
	GlobalSection(ExtensibilityGlobals) = postSolution
		SolutionGuid = {C83DC49A-96A0-4AA2-AE2D-923457D52AEB}
	EndGlobalSection
EndGlobal
